// !$*UTF8*$!
{
	archiveVersion = 1;
	classes = {
	};
	objectVersion = 71;
	objects = {

/* Begin PBXBuildFile section */
		015B78177AA2B59AF79E712D /* Shared/Views/URLOpener.swift in Sources */ = {isa = PBXBuildFile; fileRef = 113A5C03CF086AC03BCF1EB6 /* Shared/Views/URLOpener.swift */; };
		04462CF422D26C2E5F77576C /* Mac/PreferencesView.swift in Sources */ = {isa = PBXBuildFile; fileRef = EF7BE0B2E64133E9B60F5A86 /* Mac/PreferencesView.swift */; };
		0F380E6C2F42B3B2008885DE /* AppIcon.icon in Resources */ = {isa = PBXBuildFile; fileRef = 0F380E6B2F42B3B2008885DE /* AppIcon.icon */; };
		0F4B20AE2FD6CE8A00ECCAB5 /* Shared/Services/LogManager.swift in Sources */ = {isa = PBXBuildFile; fileRef = 0FD151412F43E883000034D0 /* Shared/Services/LogManager.swift */; };
		0F4B20AF2FD6CE8A00ECCAB5 /* Mac/App.swift in Sources */ = {isa = PBXBuildFile; fileRef = 67FC88E1F5F55E4454A147CC /* Mac/App.swift */; };
		0F4B20B02FD6CE8A00ECCAB5 /* Shared/Models/ChatMessage.swift in Sources */ = {isa = PBXBuildFile; fileRef = 54665C0CB84793271C66FC59 /* Shared/Models/ChatMessage.swift */; };
		0F4B20B12FD6CE8A00ECCAB5 /* Shared/Models/NotificationManager.swift in Sources */ = {isa = PBXBuildFile; fileRef = 3AC8AF7C97331C3741956814 /* Shared/Models/NotificationManager.swift */; };
		0F4B20B22FD6CE8A00ECCAB5 /* Shared/Models/Occupant.swift in Sources */ = {isa = PBXBuildFile; fileRef = DFFF3A07D8A706087B8225B5 /* Shared/Models/Occupant.swift */; };
		0F4B20B32FD6CE8A00ECCAB5 /* Shared/Models/Room.swift in Sources */ = {isa = PBXBuildFile; fileRef = A323A13FD5A83507F3E0506A /* Shared/Models/Room.swift */; };
		0F4B20B42FD6CE8A00ECCAB5 /* Shared/Models/Server.swift in Sources */ = {isa = PBXBuildFile; fileRef = 6D9F35C43F93C00196950A4F /* Shared/Models/Server.swift */; };
		0F4B20B52FD6CE8A00ECCAB5 /* Shared/ViewModels/ChatViewModel.swift in Sources */ = {isa = PBXBuildFile; fileRef = 61A58899A3909B86718AD240 /* Shared/ViewModels/ChatViewModel.swift */; };
		0F4B20B62FD6CE8A00ECCAB5 /* Mac/ChatView.swift in Sources */ = {isa = PBXBuildFile; fileRef = 271EA52E00E9179F1DA35CD0 /* Mac/ChatView.swift */; };
		0F4B20B72FD6CE8A00ECCAB5 /* Mac/LogViewerWindow.swift in Sources */ = {isa = PBXBuildFile; fileRef = 0FD151442F43E898000034D0 /* Mac/LogViewerWindow.swift */; };
		0F4B20B82FD6CE8A00ECCAB5 /* Mac/ConnectSheet.swift in Sources */ = {isa = PBXBuildFile; fileRef = D6A842DBEA6EF17024161697 /* Mac/ConnectSheet.swift */; };
		0F4B20B92FD6CE8A00ECCAB5 /* Mac/ContentView.swift in Sources */ = {isa = PBXBuildFile; fileRef = A1019A4D8B494F01949B4B88 /* Mac/ContentView.swift */; };
		0F4B20BA2FD6CE8A00ECCAB5 /* Mac/PreferencesView.swift in Sources */ = {isa = PBXBuildFile; fileRef = EF7BE0B2E64133E9B60F5A86 /* Mac/PreferencesView.swift */; };
		0F4B20BB2FD6CE8A00ECCAB5 /* Mac/SidebarView.swift in Sources */ = {isa = PBXBuildFile; fileRef = 25DE71832A783514D75CF195 /* Mac/SidebarView.swift */; };
		0F4B20BC2FD6CE8A00ECCAB5 /* Shared/Theme.swift in Sources */ = {isa = PBXBuildFile; fileRef = 5AAAD73703917FFEF47A9750 /* Shared/Theme.swift */; };
		0F4B20BD2FD6CE8A00ECCAB5 /* Mac/UserListView.swift in Sources */ = {isa = PBXBuildFile; fileRef = C1383A091CAAC2D6CB75DA06 /* Mac/UserListView.swift */; };
		0F4B20BE2FD6CE8A00ECCAB5 /* Shared/XMPP/XMLStreamParser.swift in Sources */ = {isa = PBXBuildFile; fileRef = 0E94BDDE65186F193474DB42 /* Shared/XMPP/XMLStreamParser.swift */; };
		0F4B20BF2FD6CE8A00ECCAB5 /* Shared/XMPP/XMPPClient.swift in Sources */ = {isa = PBXBuildFile; fileRef = 5374D069EF13B12D358B38E3 /* Shared/XMPP/XMPPClient.swift */; };
		0F4B20C02FD6CE8A00ECCAB5 /* Shared/XMPP/XMPPConnection.swift in Sources */ = {isa = PBXBuildFile; fileRef = 3991762B85D949DCEBB09A12 /* Shared/XMPP/XMPPConnection.swift */; };
		0F4B20C12FD6CE8A00ECCAB5 /* Shared/Views/MessageAttributedStringBuilder.swift in Sources */ = {isa = PBXBuildFile; fileRef = C951EC7CDBEC7D212D3410A7 /* Shared/Views/MessageAttributedStringBuilder.swift */; };
		0F4B20C22FD6CE8A00ECCAB5 /* Shared/Views/Clipboard.swift in Sources */ = {isa = PBXBuildFile; fileRef = 2F8F1B1EE047278C478BD1D2 /* Shared/Views/Clipboard.swift */; };
		0F4B20C32FD6CE8A00ECCAB5 /* Shared/Views/URLOpener.swift in Sources */ = {isa = PBXBuildFile; fileRef = 113A5C03CF086AC03BCF1EB6 /* Shared/Views/URLOpener.swift */; };
		0F4B20C52FD6CE8A00ECCAB5 /* Assets.xcassets in Resources */ = {isa = PBXBuildFile; fileRef = A92EAB1420B7D78C481B5C6B /* Assets.xcassets */; };
		0F4B20C62FD6CE8A00ECCAB5 /* AppIcon.icon in Resources */ = {isa = PBXBuildFile; fileRef = 0F380E6B2F42B3B2008885DE /* AppIcon.icon */; };
		0F4B20CF2FD6D1D300ECCAB5 /* Sparkle in Frameworks */ = {isa = PBXBuildFile; productRef = 0F4B20CE2FD6D1D300ECCAB5 /* Sparkle */; };
		0FD151432F43E883000034D0 /* Shared/Services/LogManager.swift in Sources */ = {isa = PBXBuildFile; fileRef = 0FD151412F43E883000034D0 /* Shared/Services/LogManager.swift */; };
		0FD151452F43E898000034D0 /* Mac/LogViewerWindow.swift in Sources */ = {isa = PBXBuildFile; fileRef = 0FD151442F43E898000034D0 /* Mac/LogViewerWindow.swift */; };
		11EEBD2E397FCA419B175123 /* Shared/XMPP/XMPPClient.swift in Sources */ = {isa = PBXBuildFile; fileRef = 5374D069EF13B12D358B38E3 /* Shared/XMPP/XMPPClient.swift */; };
		178F703DBEF5BCAE75F3CFE4 /* Mac/ConnectSheet.swift in Sources */ = {isa = PBXBuildFile; fileRef = D6A842DBEA6EF17024161697 /* Mac/ConnectSheet.swift */; };
		1C1A6ABCE6F586D8FCBAA7FC /* Assets.xcassets in Resources */ = {isa = PBXBuildFile; fileRef = A92EAB1420B7D78C481B5C6B /* Assets.xcassets */; };
		2B7A7F40B9DCF02797A2B879 /* Shared/Theme.swift in Sources */ = {isa = PBXBuildFile; fileRef = 5AAAD73703917FFEF47A9750 /* Shared/Theme.swift */; };
		2CBEAAE56AE6BF7BFB8E19D4 /* Mac/App.swift in Sources */ = {isa = PBXBuildFile; fileRef = 67FC88E1F5F55E4454A147CC /* Mac/App.swift */; };
		48982CF2A29F30DE436E9565 /* Shared/Models/ChatMessage.swift in Sources */ = {isa = PBXBuildFile; fileRef = 54665C0CB84793271C66FC59 /* Shared/Models/ChatMessage.swift */; };
		49D5C1C807E05837C2B0AD10 /* Shared/Views/MessageAttributedStringBuilder.swift in Sources */ = {isa = PBXBuildFile; fileRef = C951EC7CDBEC7D212D3410A7 /* Shared/Views/MessageAttributedStringBuilder.swift */; };
		4D98CFEC212310210A0E396F /* Shared/Models/NotificationManager.swift in Sources */ = {isa = PBXBuildFile; fileRef = 3AC8AF7C97331C3741956814 /* Shared/Models/NotificationManager.swift */; };
		54729961309BAA0F478B78B9 /* Shared/Views/Clipboard.swift in Sources */ = {isa = PBXBuildFile; fileRef = 2F8F1B1EE047278C478BD1D2 /* Shared/Views/Clipboard.swift */; };
		5E5AD93011D8B17889D908E0 /* Mac/ChatView.swift in Sources */ = {isa = PBXBuildFile; fileRef = 271EA52E00E9179F1DA35CD0 /* Mac/ChatView.swift */; };
		5F1B5883C22DBFDE0C123915 /* Shared/XMPP/XMPPConnection.swift in Sources */ = {isa = PBXBuildFile; fileRef = 3991762B85D949DCEBB09A12 /* Shared/XMPP/XMPPConnection.swift */; };
		61ECE9D25978BD560443B505 /* Mac/UserListView.swift in Sources */ = {isa = PBXBuildFile; fileRef = C1383A091CAAC2D6CB75DA06 /* Mac/UserListView.swift */; };
		83AF7270C86B4EF283A5458C /* iOS/UserSearchScreen.swift in Sources */ = {isa = PBXBuildFile; fileRef = 20EFBEFD05164B5AAFA616B6 /* iOS/UserSearchScreen.swift */; };
		8C4C18EB941C2D47ACA22AF6 /* Shared/Models/Occupant.swift in Sources */ = {isa = PBXBuildFile; fileRef = DFFF3A07D8A706087B8225B5 /* Shared/Models/Occupant.swift */; };
		8E56AAF1F69E4AD093AE44B6 /* iOS/ConnectScreen.swift in Sources */ = {isa = PBXBuildFile; fileRef = 51BD491D0E3E4C8F8D74BE0E /* iOS/ConnectScreen.swift */; };
		8EBAD691C7035A8E4323A769 /* iOS/ChatPaneView.swift in Sources */ = {isa = PBXBuildFile; fileRef = 92A0B740C025128D88CFB205 /* iOS/ChatPaneView.swift */; };
		947E564E6238C504DEC45DA3 /* Shared/Views/Clipboard.swift in Sources */ = {isa = PBXBuildFile; fileRef = 2F8F1B1EE047278C478BD1D2 /* Shared/Views/Clipboard.swift */; };
		9538F9625FD1C9ABEB2F7A9D /* Mac/SidebarView.swift in Sources */ = {isa = PBXBuildFile; fileRef = 25DE71832A783514D75CF195 /* Mac/SidebarView.swift */; };
		9959847F5853710968C477A0 /* Shared/Views/MessageAttributedStringBuilder.swift in Sources */ = {isa = PBXBuildFile; fileRef = C951EC7CDBEC7D212D3410A7 /* Shared/Views/MessageAttributedStringBuilder.swift */; };
		9B85622E1D776012BD93E144 /* Mac/ContentView.swift in Sources */ = {isa = PBXBuildFile; fileRef = A1019A4D8B494F01949B4B88 /* Mac/ContentView.swift */; };
		B4B56807C8004D8031F626B1 /* Shared/ViewModels/ChatViewModel.swift in Sources */ = {isa = PBXBuildFile; fileRef = 61A58899A3909B86718AD240 /* Shared/ViewModels/ChatViewModel.swift */; };
		B5000000000000000000AA01 /* iOS/App.swift in Sources */ = {isa = PBXBuildFile; fileRef = B5000000000000000000BB01 /* iOS/App.swift */; };
		B5000000000000000000AA02 /* iOS/ContentView.swift in Sources */ = {isa = PBXBuildFile; fileRef = B5000000000000000000BB02 /* iOS/ContentView.swift */; };
		B5000000000000000000AA03 /* Shared/Models/ChatMessage.swift in Sources */ = {isa = PBXBuildFile; fileRef = 54665C0CB84793271C66FC59 /* Shared/Models/ChatMessage.swift */; };
		B5000000000000000000AA04 /* Shared/Models/Occupant.swift in Sources */ = {isa = PBXBuildFile; fileRef = DFFF3A07D8A706087B8225B5 /* Shared/Models/Occupant.swift */; };
		B5000000000000000000AA05 /* Shared/Models/Room.swift in Sources */ = {isa = PBXBuildFile; fileRef = A323A13FD5A83507F3E0506A /* Shared/Models/Room.swift */; };
		B5000000000000000000AA06 /* Shared/Models/Server.swift in Sources */ = {isa = PBXBuildFile; fileRef = 6D9F35C43F93C00196950A4F /* Shared/Models/Server.swift */; };
		B5000000000000000000AA07 /* Shared/Models/NotificationManager.swift in Sources */ = {isa = PBXBuildFile; fileRef = 3AC8AF7C97331C3741956814 /* Shared/Models/NotificationManager.swift */; };
		B5000000000000000000AA08 /* Shared/Services/LogManager.swift in Sources */ = {isa = PBXBuildFile; fileRef = 0FD151412F43E883000034D0 /* Shared/Services/LogManager.swift */; };
		B5000000000000000000AA09 /* Shared/XMPP/XMPPClient.swift in Sources */ = {isa = PBXBuildFile; fileRef = 5374D069EF13B12D358B38E3 /* Shared/XMPP/XMPPClient.swift */; };
		B5000000000000000000AA0A /* Shared/XMPP/XMPPConnection.swift in Sources */ = {isa = PBXBuildFile; fileRef = 3991762B85D949DCEBB09A12 /* Shared/XMPP/XMPPConnection.swift */; };
		B5000000000000000000AA0B /* Shared/XMPP/XMLStreamParser.swift in Sources */ = {isa = PBXBuildFile; fileRef = 0E94BDDE65186F193474DB42 /* Shared/XMPP/XMLStreamParser.swift */; };
		B5000000000000000000AA0C /* Shared/ViewModels/ChatViewModel.swift in Sources */ = {isa = PBXBuildFile; fileRef = 61A58899A3909B86718AD240 /* Shared/ViewModels/ChatViewModel.swift */; };
		B5000000000000000000AA0D /* Shared/Theme.swift in Sources */ = {isa = PBXBuildFile; fileRef = 5AAAD73703917FFEF47A9750 /* Shared/Theme.swift */; };
		B5000000000000000000AA0E /* Assets.xcassets in Resources */ = {isa = PBXBuildFile; fileRef = A92EAB1420B7D78C481B5C6B /* Assets.xcassets */; };
		B5000000000000000000AA0F /* AppIcon.icon in Resources */ = {isa = PBXBuildFile; fileRef = 0F380E6B2F42B3B2008885DE /* AppIcon.icon */; };
		B59ABA8FD44191BC8F435A1F /* Shared/XMPP/XMLStreamParser.swift in Sources */ = {isa = PBXBuildFile; fileRef = 0E94BDDE65186F193474DB42 /* Shared/XMPP/XMLStreamParser.swift */; };
		B5C3F1A200000000000002B6 /* iOS/DrawerView.swift in Sources */ = {isa = PBXBuildFile; fileRef = B5C3F1A200000000000001B6 /* iOS/DrawerView.swift */; };
		B5C3F1A200000000000002B7 /* iOS/iPadSplitView.swift in Sources */ = {isa = PBXBuildFile; fileRef = B5C3F1A200000000000001B7 /* iOS/iPadSplitView.swift */; };
		C1000000000000000000AA01 /* iOS/JoinRoomScreen.swift in Sources */ = {isa = PBXBuildFile; fileRef = C1000000000000000000BB01 /* iOS/JoinRoomScreen.swift */; };
		C1000000000000000000AA02 /* iOS/NewDMScreen.swift in Sources */ = {isa = PBXBuildFile; fileRef = C1000000000000000000BB02 /* iOS/NewDMScreen.swift */; };
		C300000000000000000002A1 /* iOS/UserListSheet.swift in Sources */ = {isa = PBXBuildFile; fileRef = C300000000000000000001A1 /* iOS/UserListSheet.swift */; };
		C300000000000000000002A2 /* iOS/PreferencesScreen.swift in Sources */ = {isa = PBXBuildFile; fileRef = C300000000000000000001A2 /* iOS/PreferencesScreen.swift */; };
		C300000000000000000002A3 /* iOS/LogViewerScreen.swift in Sources */ = {isa = PBXBuildFile; fileRef = C300000000000000000001A3 /* iOS/LogViewerScreen.swift */; };
		D7A9524E7CD04190987E02F6 /* iOS/BrowseRoomsScreen.swift in Sources */ = {isa = PBXBuildFile; fileRef = F7DC3B6A60D74E1180024B94 /* iOS/BrowseRoomsScreen.swift */; };
		D9B0A5CC3A4959D683008978 /* Shared/Models/Room.swift in Sources */ = {isa = PBXBuildFile; fileRef = A323A13FD5A83507F3E0506A /* Shared/Models/Room.swift */; };
		DDE442C4B5E347411F021743 /* Shared/Models/Server.swift in Sources */ = {isa = PBXBuildFile; fileRef = 6D9F35C43F93C00196950A4F /* Shared/Models/Server.swift */; };
		F7498D5559DB8CCF451918D1 /* Shared/Views/URLOpener.swift in Sources */ = {isa = PBXBuildFile; fileRef = 113A5C03CF086AC03BCF1EB6 /* Shared/Views/URLOpener.swift */; };
/* End PBXBuildFile section */

/* Begin PBXFileReference section */
		0E94BDDE65186F193474DB42 /* Shared/XMPP/XMLStreamParser.swift */ = {isa = PBXFileReference; lastKnownFileType = sourcecode.swift; path = Shared/XMPP/XMLStreamParser.swift; sourceTree = "<group>"; };
		0F380E6B2F42B3B2008885DE /* AppIcon.icon */ = {isa = PBXFileReference; lastKnownFileType = folder.iconcomposer.icon; path = AppIcon.icon; sourceTree = "<group>"; };
		0F4B20CB2FD6CE8A00ECCAB5 /* XMPBee Desktop (MAS).app */ = {isa = PBXFileReference; explicitFileType = wrapper.application; includeInIndex = 0; name = "XMPBee Desktop (MAS).app"; path = XMPBee.app; sourceTree = BUILT_PRODUCTS_DIR; };
		0F4B20CC2FD6CE8A00ECCAB5 /* XMPBee/Mac/Info-MAS.plist */ = {isa = PBXFileReference; lastKnownFileType = text.plist.xml; path = "XMPBee/Mac/Info-MAS.plist"; sourceTree = SOURCE_ROOT; };
		0FD151412F43E883000034D0 /* Shared/Services/LogManager.swift */ = {isa = PBXFileReference; lastKnownFileType = sourcecode.swift; path = Shared/Services/LogManager.swift; sourceTree = "<group>"; };
		0FD151442F43E898000034D0 /* Mac/LogViewerWindow.swift */ = {isa = PBXFileReference; lastKnownFileType = sourcecode.swift; path = Mac/LogViewerWindow.swift; sourceTree = "<group>"; };
		113A5C03CF086AC03BCF1EB6 /* Shared/Views/URLOpener.swift */ = {isa = PBXFileReference; lastKnownFileType = sourcecode.swift; path = Shared/Views/URLOpener.swift; sourceTree = "<group>"; };
		18A2AC2AE580644307B7BFD8 /* Mac/Info.plist */ = {isa = PBXFileReference; lastKnownFileType = text.plist.xml; path = Mac/Info.plist; sourceTree = "<group>"; };
		1ED5FC89C744932B0900FE4D /* Mac/XMPBee.entitlements */ = {isa = PBXFileReference; lastKnownFileType = text.plist.entitlements; path = Mac/XMPBee.entitlements; sourceTree = "<group>"; };
		20EFBEFD05164B5AAFA616B6 /* iOS/UserSearchScreen.swift */ = {isa = PBXFileReference; lastKnownFileType = sourcecode.swift; path = iOS/UserSearchScreen.swift; sourceTree = "<group>"; };
		25DE71832A783514D75CF195 /* Mac/SidebarView.swift */ = {isa = PBXFileReference; lastKnownFileType = sourcecode.swift; path = Mac/SidebarView.swift; sourceTree = "<group>"; };
		271EA52E00E9179F1DA35CD0 /* Mac/ChatView.swift */ = {isa = PBXFileReference; lastKnownFileType = sourcecode.swift; path = Mac/ChatView.swift; sourceTree = "<group>"; };
		2F8F1B1EE047278C478BD1D2 /* Shared/Views/Clipboard.swift */ = {isa = PBXFileReference; lastKnownFileType = sourcecode.swift; path = Shared/Views/Clipboard.swift; sourceTree = "<group>"; };
		3991762B85D949DCEBB09A12 /* Shared/XMPP/XMPPConnection.swift */ = {isa = PBXFileReference; lastKnownFileType = sourcecode.swift; path = Shared/XMPP/XMPPConnection.swift; sourceTree = "<group>"; };
		3AC8AF7C97331C3741956814 /* Shared/Models/NotificationManager.swift */ = {isa = PBXFileReference; lastKnownFileType = sourcecode.swift; path = Shared/Models/NotificationManager.swift; sourceTree = "<group>"; };
		51BD491D0E3E4C8F8D74BE0E /* iOS/ConnectScreen.swift */ = {isa = PBXFileReference; lastKnownFileType = sourcecode.swift; path = iOS/ConnectScreen.swift; sourceTree = "<group>"; };
		5374D069EF13B12D358B38E3 /* Shared/XMPP/XMPPClient.swift */ = {isa = PBXFileReference; lastKnownFileType = sourcecode.swift; path = Shared/XMPP/XMPPClient.swift; sourceTree = "<group>"; };
		54665C0CB84793271C66FC59 /* Shared/Models/ChatMessage.swift */ = {isa = PBXFileReference; lastKnownFileType = sourcecode.swift; path = Shared/Models/ChatMessage.swift; sourceTree = "<group>"; };
		5AAAD73703917FFEF47A9750 /* Shared/Theme.swift */ = {isa = PBXFileReference; lastKnownFileType = sourcecode.swift; path = Shared/Theme.swift; sourceTree = "<group>"; };
		61A58899A3909B86718AD240 /* Shared/ViewModels/ChatViewModel.swift */ = {isa = PBXFileReference; lastKnownFileType = sourcecode.swift; path = Shared/ViewModels/ChatViewModel.swift; sourceTree = "<group>"; };
		67FC88E1F5F55E4454A147CC /* Mac/App.swift */ = {isa = PBXFileReference; lastKnownFileType = sourcecode.swift; path = Mac/App.swift; sourceTree = "<group>"; };
		68EB88AED944282D28F9C42C /* XMPBee.app */ = {isa = PBXFileReference; explicitFileType = wrapper.application; includeInIndex = 0; path = XMPBee.app; sourceTree = BUILT_PRODUCTS_DIR; };
		6D9F35C43F93C00196950A4F /* Shared/Models/Server.swift */ = {isa = PBXFileReference; lastKnownFileType = sourcecode.swift; path = Shared/Models/Server.swift; sourceTree = "<group>"; };
		92A0B740C025128D88CFB205 /* iOS/ChatPaneView.swift */ = {isa = PBXFileReference; lastKnownFileType = sourcecode.swift; path = iOS/ChatPaneView.swift; sourceTree = "<group>"; };
		A1019A4D8B494F01949B4B88 /* Mac/ContentView.swift */ = {isa = PBXFileReference; lastKnownFileType = sourcecode.swift; path = Mac/ContentView.swift; sourceTree = "<group>"; };
		A323A13FD5A83507F3E0506A /* Shared/Models/Room.swift */ = {isa = PBXFileReference; lastKnownFileType = sourcecode.swift; path = Shared/Models/Room.swift; sourceTree = "<group>"; };
		A92EAB1420B7D78C481B5C6B /* Assets.xcassets */ = {isa = PBXFileReference; lastKnownFileType = folder.assetcatalog; path = Assets.xcassets; sourceTree = "<group>"; };
		B5000000000000000000BB01 /* iOS/App.swift */ = {isa = PBXFileReference; lastKnownFileType = sourcecode.swift; path = iOS/App.swift; sourceTree = "<group>"; };
		B5000000000000000000BB02 /* iOS/ContentView.swift */ = {isa = PBXFileReference; lastKnownFileType = sourcecode.swift; path = iOS/ContentView.swift; sourceTree = "<group>"; };
		B5000000000000000000BB03 /* iOS/Info.plist */ = {isa = PBXFileReference; lastKnownFileType = text.plist.xml; path = iOS/Info.plist; sourceTree = "<group>"; };
		B5000000000000000000BB04 /* iOS/XMPBee-iOS.entitlements */ = {isa = PBXFileReference; lastKnownFileType = text.plist.entitlements; path = "iOS/XMPBee-iOS.entitlements"; sourceTree = "<group>"; };
		B5000000000000000000BB05 /* XMPBee.app */ = {isa = PBXFileReference; explicitFileType = wrapper.application; includeInIndex = 0; path = XMPBee.app; sourceTree = BUILT_PRODUCTS_DIR; };
		B5C3F1A200000000000001B6 /* iOS/DrawerView.swift */ = {isa = PBXFileReference; lastKnownFileType = sourcecode.swift; path = iOS/DrawerView.swift; sourceTree = "<group>"; };
		B5C3F1A200000000000001B7 /* iOS/iPadSplitView.swift */ = {isa = PBXFileReference; lastKnownFileType = sourcecode.swift; path = iOS/iPadSplitView.swift; sourceTree = "<group>"; };
		C1000000000000000000BB01 /* iOS/JoinRoomScreen.swift */ = {isa = PBXFileReference; lastKnownFileType = sourcecode.swift; path = iOS/JoinRoomScreen.swift; sourceTree = "<group>"; };
		C1000000000000000000BB02 /* iOS/NewDMScreen.swift */ = {isa = PBXFileReference; lastKnownFileType = sourcecode.swift; path = iOS/NewDMScreen.swift; sourceTree = "<group>"; };
		C1383A091CAAC2D6CB75DA06 /* Mac/UserListView.swift */ = {isa = PBXFileReference; lastKnownFileType = sourcecode.swift; path = Mac/UserListView.swift; sourceTree = "<group>"; };
		C300000000000000000001A1 /* iOS/UserListSheet.swift */ = {isa = PBXFileReference; lastKnownFileType = sourcecode.swift; path = iOS/UserListSheet.swift; sourceTree = "<group>"; };
		C300000000000000000001A2 /* iOS/PreferencesScreen.swift */ = {isa = PBXFileReference; lastKnownFileType = sourcecode.swift; path = iOS/PreferencesScreen.swift; sourceTree = "<group>"; };
		C300000000000000000001A3 /* iOS/LogViewerScreen.swift */ = {isa = PBXFileReference; lastKnownFileType = sourcecode.swift; path = iOS/LogViewerScreen.swift; sourceTree = "<group>"; };
		C951EC7CDBEC7D212D3410A7 /* Shared/Views/MessageAttributedStringBuilder.swift */ = {isa = PBXFileReference; lastKnownFileType = sourcecode.swift; path = Shared/Views/MessageAttributedStringBuilder.swift; sourceTree = "<group>"; };
		D6A842DBEA6EF17024161697 /* Mac/ConnectSheet.swift */ = {isa = PBXFileReference; lastKnownFileType = sourcecode.swift; path = Mac/ConnectSheet.swift; sourceTree = "<group>"; };
		DFFF3A07D8A706087B8225B5 /* Shared/Models/Occupant.swift */ = {isa = PBXFileReference; lastKnownFileType = sourcecode.swift; path = Shared/Models/Occupant.swift; sourceTree = "<group>"; };
		EF7BE0B2E64133E9B60F5A86 /* Mac/PreferencesView.swift */ = {isa = PBXFileReference; lastKnownFileType = sourcecode.swift; path = Mac/PreferencesView.swift; sourceTree = "<group>"; };
		F7DC3B6A60D74E1180024B94 /* iOS/BrowseRoomsScreen.swift */ = {isa = PBXFileReference; lastKnownFileType = sourcecode.swift; path = iOS/BrowseRoomsScreen.swift; sourceTree = "<group>"; };
/* End PBXFileReference section */

/* Begin PBXFrameworksBuildPhase section */
		0F4B20C72FD6CE8A00ECCAB5 /* Frameworks */ = {
			isa = PBXFrameworksBuildPhase;
			buildActionMask = 2147483647;
			files = (
			);
			runOnlyForDeploymentPostprocessing = 0;
		};
		B5000000000000000000CC02 /* Frameworks */ = {
			isa = PBXFrameworksBuildPhase;
			buildActionMask = 2147483647;
			files = (
			);
			runOnlyForDeploymentPostprocessing = 0;
		};
		D671C18CA012D592691429E1 /* Frameworks */ = {
			isa = PBXFrameworksBuildPhase;
			buildActionMask = 2147483647;
			files = (
				0F4B20CF2FD6D1D300ECCAB5 /* Sparkle in Frameworks */,
			);
			runOnlyForDeploymentPostprocessing = 0;
		};
/* End PBXFrameworksBuildPhase section */

/* Begin PBXGroup section */
		03A315BFB4145C0FD705317D /* ViewModels */ = {
			isa = PBXGroup;
			children = (
				61A58899A3909B86718AD240 /* Shared/ViewModels/ChatViewModel.swift */,
			);
			name = ViewModels;
			sourceTree = "<group>";
		};
		0FD151422F43E883000034D0 /* Services */ = {
			isa = PBXGroup;
			children = (
				0FD151412F43E883000034D0 /* Shared/Services/LogManager.swift */,
			);
			name = Services;
			sourceTree = "<group>";
		};
		334C4933B4BE7058377D4F44 /* XMPBee */ = {
			isa = PBXGroup;
			children = (
				67FC88E1F5F55E4454A147CC /* Mac/App.swift */,
				80E8D9E0468E18074C0C775E /* Models */,
				E8C9277A35DC24F2FCD6E8AB /* Views */,
				03A315BFB4145C0FD705317D /* ViewModels */,
				B0EC0F6F0B5069D087C99F8A /* XMPP */,
				A92EAB1420B7D78C481B5C6B /* Assets.xcassets */,
				18A2AC2AE580644307B7BFD8 /* Mac/Info.plist */,
				1ED5FC89C744932B0900FE4D /* Mac/XMPBee.entitlements */,
				0F380E6B2F42B3B2008885DE /* AppIcon.icon */,
				0FD151422F43E883000034D0 /* Services */,
				B5000000000000000000DD05 /* iOS */,
			);
			path = XMPBee;
			sourceTree = "<group>";
		};
		43F44E7F206A6F696F95D962 = {
			isa = PBXGroup;
			children = (
				334C4933B4BE7058377D4F44 /* XMPBee */,
				0F4B20CC2FD6CE8A00ECCAB5 /* XMPBee/Mac/Info-MAS.plist */,
				77CCCA5AE2D32BB65CB73519 /* Products */,
			);
			sourceTree = "<group>";
		};
		77CCCA5AE2D32BB65CB73519 /* Products */ = {
			isa = PBXGroup;
			children = (
				68EB88AED944282D28F9C42C /* XMPBee.app */,
				B5000000000000000000BB05 /* XMPBee.app */,
				0F4B20CB2FD6CE8A00ECCAB5 /* XMPBee Desktop (MAS).app */,
			);
			name = Products;
			sourceTree = "<group>";
		};
		80E8D9E0468E18074C0C775E /* Models */ = {
			isa = PBXGroup;
			children = (
				54665C0CB84793271C66FC59 /* Shared/Models/ChatMessage.swift */,
				3AC8AF7C97331C3741956814 /* Shared/Models/NotificationManager.swift */,
				DFFF3A07D8A706087B8225B5 /* Shared/Models/Occupant.swift */,
				A323A13FD5A83507F3E0506A /* Shared/Models/Room.swift */,
				6D9F35C43F93C00196950A4F /* Shared/Models/Server.swift */,
			);
			name = Models;
			sourceTree = "<group>";
		};
		B0EC0F6F0B5069D087C99F8A /* XMPP */ = {
			isa = PBXGroup;
			children = (
				0E94BDDE65186F193474DB42 /* Shared/XMPP/XMLStreamParser.swift */,
				5374D069EF13B12D358B38E3 /* Shared/XMPP/XMPPClient.swift */,
				3991762B85D949DCEBB09A12 /* Shared/XMPP/XMPPConnection.swift */,
			);
			name = XMPP;
			sourceTree = "<group>";
		};
		B5000000000000000000DD05 /* iOS */ = {
			isa = PBXGroup;
			children = (
				B5000000000000000000BB01 /* iOS/App.swift */,
				51BD491D0E3E4C8F8D74BE0E /* iOS/ConnectScreen.swift */,
				B5000000000000000000BB02 /* iOS/ContentView.swift */,
				B5C3F1A200000000000001B6 /* iOS/DrawerView.swift */,
				B5C3F1A200000000000001B7 /* iOS/iPadSplitView.swift */,
				92A0B740C025128D88CFB205 /* iOS/ChatPaneView.swift */,
				C1000000000000000000BB01 /* iOS/JoinRoomScreen.swift */,
				C1000000000000000000BB02 /* iOS/NewDMScreen.swift */,
				F7DC3B6A60D74E1180024B94 /* iOS/BrowseRoomsScreen.swift */,
				20EFBEFD05164B5AAFA616B6 /* iOS/UserSearchScreen.swift */,
				C300000000000000000001A1 /* iOS/UserListSheet.swift */,
				C300000000000000000001A2 /* iOS/PreferencesScreen.swift */,
				C300000000000000000001A3 /* iOS/LogViewerScreen.swift */,
				B5000000000000000000BB03 /* iOS/Info.plist */,
				B5000000000000000000BB04 /* iOS/XMPBee-iOS.entitlements */,
			);
			name = iOS;
			sourceTree = "<group>";
		};
		E8C9277A35DC24F2FCD6E8AB /* Views */ = {
			isa = PBXGroup;
			children = (
				271EA52E00E9179F1DA35CD0 /* Mac/ChatView.swift */,
				D6A842DBEA6EF17024161697 /* Mac/ConnectSheet.swift */,
				0FD151442F43E898000034D0 /* Mac/LogViewerWindow.swift */,
				A1019A4D8B494F01949B4B88 /* Mac/ContentView.swift */,
				EF7BE0B2E64133E9B60F5A86 /* Mac/PreferencesView.swift */,
				25DE71832A783514D75CF195 /* Mac/SidebarView.swift */,
				5AAAD73703917FFEF47A9750 /* Shared/Theme.swift */,
				C1383A091CAAC2D6CB75DA06 /* Mac/UserListView.swift */,
				C951EC7CDBEC7D212D3410A7 /* Shared/Views/MessageAttributedStringBuilder.swift */,
				2F8F1B1EE047278C478BD1D2 /* Shared/Views/Clipboard.swift */,
				113A5C03CF086AC03BCF1EB6 /* Shared/Views/URLOpener.swift */,
			);
			name = Views;
			sourceTree = "<group>";
		};
/* End PBXGroup section */

/* Begin PBXNativeTarget section */
		0F4B20AC2FD6CE8A00ECCAB5 /* XMPBee Desktop (MAS) */ = {
			isa = PBXNativeTarget;
			buildConfigurationList = 0F4B20C82FD6CE8A00ECCAB5 /* Build configuration list for PBXNativeTarget "XMPBee Desktop (MAS)" */;
			buildPhases = (
				0F4B20AD2FD6CE8A00ECCAB5 /* Sources */,
				0F4B20C42FD6CE8A00ECCAB5 /* Resources */,
				0F4B20C72FD6CE8A00ECCAB5 /* Frameworks */,
			);
			buildRules = (
			);
			dependencies = (
			);
			name = "XMPBee Desktop (MAS)";
			productName = XMPBee;
			productReference = 0F4B20CB2FD6CE8A00ECCAB5 /* XMPBee Desktop (MAS).app */;
			productType = "com.apple.product-type.application";
		};
		B5000000000000000000DD01 /* XMPBee Mobile */ = {
			isa = PBXNativeTarget;
			buildConfigurationList = B5000000000000000000DD02 /* Build configuration list for PBXNativeTarget "XMPBee Mobile" */;
			buildPhases = (
				B5000000000000000000CC01 /* Sources */,
				B5000000000000000000CC03 /* Resources */,
				B5000000000000000000CC02 /* Frameworks */,
			);
			buildRules = (
			);
			dependencies = (
			);
			name = "XMPBee Mobile";
			productName = "XMPBee iOS";
			productReference = B5000000000000000000BB05 /* XMPBee.app */;
			productType = "com.apple.product-type.application";
		};
		EEFA3E70D98A0F966999694F /* XMPBee Desktop */ = {
			isa = PBXNativeTarget;
			buildConfigurationList = D5FFAFD07A9F77BD77800DC6 /* Build configuration list for PBXNativeTarget "XMPBee Desktop" */;
			buildPhases = (
				FE7F76C325C56DF71DB78D53 /* Sources */,
				C256B298E26BBF91A1772F6D /* Resources */,
				D671C18CA012D592691429E1 /* Frameworks */,
			);
			buildRules = (
			);
			dependencies = (
			);
			name = "XMPBee Desktop";
			productName = XMPBee;
			productReference = 68EB88AED944282D28F9C42C /* XMPBee.app */;
			productType = "com.apple.product-type.application";
		};
/* End PBXNativeTarget section */

/* Begin PBXProject section */
		5E729DA68670304DF4633F25 /* Project object */ = {
			isa = PBXProject;
			attributes = {
				BuildIndependentTargetsInParallel = YES;
				LastUpgradeCheck = 2640;
			};
			buildConfigurationList = F93FFFF1C2C202203D9C9585 /* Build configuration list for PBXProject "XMPBee" */;
			compatibilityVersion = "Xcode 16.0";
			developmentRegion = en;
			hasScannedForEncodings = 0;
			knownRegions = (
				en,
				Base,
			);
			mainGroup = 43F44E7F206A6F696F95D962;
			packageReferences = (
				0F4B20CD2FD6D1D300ECCAB5 /* XCRemoteSwiftPackageReference "Sparkle" */,
			);
			productRefGroup = 77CCCA5AE2D32BB65CB73519 /* Products */;
			projectDirPath = "";
			projectRoot = "";
			targets = (
				EEFA3E70D98A0F966999694F /* XMPBee Desktop */,
				B5000000000000000000DD01 /* XMPBee Mobile */,
				0F4B20AC2FD6CE8A00ECCAB5 /* XMPBee Desktop (MAS) */,
			);
		};
/* End PBXProject section */

/* Begin PBXResourcesBuildPhase section */
		0F4B20C42FD6CE8A00ECCAB5 /* Resources */ = {
			isa = PBXResourcesBuildPhase;
			buildActionMask = 2147483647;
			files = (
				0F4B20C52FD6CE8A00ECCAB5 /* Assets.xcassets in Resources */,
				0F4B20C62FD6CE8A00ECCAB5 /* AppIcon.icon in Resources */,
			);
			runOnlyForDeploymentPostprocessing = 0;
		};
		B5000000000000000000CC03 /* Resources */ = {
			isa = PBXResourcesBuildPhase;
			buildActionMask = 2147483647;
			files = (
				B5000000000000000000AA0E /* Assets.xcassets in Resources */,
				B5000000000000000000AA0F /* AppIcon.icon in Resources */,
			);
			runOnlyForDeploymentPostprocessing = 0;
		};
		C256B298E26BBF91A1772F6D /* Resources */ = {
			isa = PBXResourcesBuildPhase;
			buildActionMask = 2147483647;
			files = (
				1C1A6ABCE6F586D8FCBAA7FC /* Assets.xcassets in Resources */,
				0F380E6C2F42B3B2008885DE /* AppIcon.icon in Resources */,
			);
			runOnlyForDeploymentPostprocessing = 0;
		};
/* End PBXResourcesBuildPhase section */

/* Begin PBXSourcesBuildPhase section */
		0F4B20AD2FD6CE8A00ECCAB5 /* Sources */ = {
			isa = PBXSourcesBuildPhase;
			buildActionMask = 2147483647;
			files = (
				0F4B20AE2FD6CE8A00ECCAB5 /* Shared/Services/LogManager.swift in Sources */,
				0F4B20AF2FD6CE8A00ECCAB5 /* Mac/App.swift in Sources */,
				0F4B20B02FD6CE8A00ECCAB5 /* Shared/Models/ChatMessage.swift in Sources */,
				0F4B20B12FD6CE8A00ECCAB5 /* Shared/Models/NotificationManager.swift in Sources */,
				0F4B20B22FD6CE8A00ECCAB5 /* Shared/Models/Occupant.swift in Sources */,
				0F4B20B32FD6CE8A00ECCAB5 /* Shared/Models/Room.swift in Sources */,
				0F4B20B42FD6CE8A00ECCAB5 /* Shared/Models/Server.swift in Sources */,
				0F4B20B52FD6CE8A00ECCAB5 /* Shared/ViewModels/ChatViewModel.swift in Sources */,
				0F4B20B62FD6CE8A00ECCAB5 /* Mac/ChatView.swift in Sources */,
				0F4B20B72FD6CE8A00ECCAB5 /* Mac/LogViewerWindow.swift in Sources */,
				0F4B20B82FD6CE8A00ECCAB5 /* Mac/ConnectSheet.swift in Sources */,
				0F4B20B92FD6CE8A00ECCAB5 /* Mac/ContentView.swift in Sources */,
				0F4B20BA2FD6CE8A00ECCAB5 /* Mac/PreferencesView.swift in Sources */,
				0F4B20BB2FD6CE8A00ECCAB5 /* Mac/SidebarView.swift in Sources */,
				0F4B20BC2FD6CE8A00ECCAB5 /* Shared/Theme.swift in Sources */,
				0F4B20BD2FD6CE8A00ECCAB5 /* Mac/UserListView.swift in Sources */,
				0F4B20BE2FD6CE8A00ECCAB5 /* Shared/XMPP/XMLStreamParser.swift in Sources */,
				0F4B20BF2FD6CE8A00ECCAB5 /* Shared/XMPP/XMPPClient.swift in Sources */,
				0F4B20C02FD6CE8A00ECCAB5 /* Shared/XMPP/XMPPConnection.swift in Sources */,
				0F4B20C12FD6CE8A00ECCAB5 /* Shared/Views/MessageAttributedStringBuilder.swift in Sources */,
				0F4B20C22FD6CE8A00ECCAB5 /* Shared/Views/Clipboard.swift in Sources */,
				0F4B20C32FD6CE8A00ECCAB5 /* Shared/Views/URLOpener.swift in Sources */,
			);
			runOnlyForDeploymentPostprocessing = 0;
		};
		B5000000000000000000CC01 /* Sources */ = {
			isa = PBXSourcesBuildPhase;
			buildActionMask = 2147483647;
			files = (
				B5000000000000000000AA01 /* iOS/App.swift in Sources */,
				8E56AAF1F69E4AD093AE44B6 /* iOS/ConnectScreen.swift in Sources */,
				B5000000000000000000AA02 /* iOS/ContentView.swift in Sources */,
				B5C3F1A200000000000002B6 /* iOS/DrawerView.swift in Sources */,
				B5C3F1A200000000000002B7 /* iOS/iPadSplitView.swift in Sources */,
				8EBAD691C7035A8E4323A769 /* iOS/ChatPaneView.swift in Sources */,
				C1000000000000000000AA01 /* iOS/JoinRoomScreen.swift in Sources */,
				C1000000000000000000AA02 /* iOS/NewDMScreen.swift in Sources */,
				D7A9524E7CD04190987E02F6 /* iOS/BrowseRoomsScreen.swift in Sources */,
				83AF7270C86B4EF283A5458C /* iOS/UserSearchScreen.swift in Sources */,
				C300000000000000000002A1 /* iOS/UserListSheet.swift in Sources */,
				C300000000000000000002A2 /* iOS/PreferencesScreen.swift in Sources */,
				C300000000000000000002A3 /* iOS/LogViewerScreen.swift in Sources */,
				B5000000000000000000AA03 /* Shared/Models/ChatMessage.swift in Sources */,
				B5000000000000000000AA04 /* Shared/Models/Occupant.swift in Sources */,
				B5000000000000000000AA05 /* Shared/Models/Room.swift in Sources */,
				B5000000000000000000AA06 /* Shared/Models/Server.swift in Sources */,
				B5000000000000000000AA07 /* Shared/Models/NotificationManager.swift in Sources */,
				B5000000000000000000AA08 /* Shared/Services/LogManager.swift in Sources */,
				B5000000000000000000AA09 /* Shared/XMPP/XMPPClient.swift in Sources */,
				B5000000000000000000AA0A /* Shared/XMPP/XMPPConnection.swift in Sources */,
				B5000000000000000000AA0B /* Shared/XMPP/XMLStreamParser.swift in Sources */,
				B5000000000000000000AA0C /* Shared/ViewModels/ChatViewModel.swift in Sources */,
				B5000000000000000000AA0D /* Shared/Theme.swift in Sources */,
				9959847F5853710968C477A0 /* Shared/Views/MessageAttributedStringBuilder.swift in Sources */,
				54729961309BAA0F478B78B9 /* Shared/Views/Clipboard.swift in Sources */,
				015B78177AA2B59AF79E712D /* Shared/Views/URLOpener.swift in Sources */,
			);
			runOnlyForDeploymentPostprocessing = 0;
		};
		FE7F76C325C56DF71DB78D53 /* Sources */ = {
			isa = PBXSourcesBuildPhase;
			buildActionMask = 2147483647;
			files = (
				0FD151432F43E883000034D0 /* Shared/Services/LogManager.swift in Sources */,
				2CBEAAE56AE6BF7BFB8E19D4 /* Mac/App.swift in Sources */,
				48982CF2A29F30DE436E9565 /* Shared/Models/ChatMessage.swift in Sources */,
				4D98CFEC212310210A0E396F /* Shared/Models/NotificationManager.swift in Sources */,
				8C4C18EB941C2D47ACA22AF6 /* Shared/Models/Occupant.swift in Sources */,
				D9B0A5CC3A4959D683008978 /* Shared/Models/Room.swift in Sources */,
				DDE442C4B5E347411F021743 /* Shared/Models/Server.swift in Sources */,
				B4B56807C8004D8031F626B1 /* Shared/ViewModels/ChatViewModel.swift in Sources */,
				5E5AD93011D8B17889D908E0 /* Mac/ChatView.swift in Sources */,
				0FD151452F43E898000034D0 /* Mac/LogViewerWindow.swift in Sources */,
				178F703DBEF5BCAE75F3CFE4 /* Mac/ConnectSheet.swift in Sources */,
				9B85622E1D776012BD93E144 /* Mac/ContentView.swift in Sources */,
				04462CF422D26C2E5F77576C /* Mac/PreferencesView.swift in Sources */,
				9538F9625FD1C9ABEB2F7A9D /* Mac/SidebarView.swift in Sources */,
				2B7A7F40B9DCF02797A2B879 /* Shared/Theme.swift in Sources */,
				61ECE9D25978BD560443B505 /* Mac/UserListView.swift in Sources */,
				B59ABA8FD44191BC8F435A1F /* Shared/XMPP/XMLStreamParser.swift in Sources */,
				11EEBD2E397FCA419B175123 /* Shared/XMPP/XMPPClient.swift in Sources */,
				5F1B5883C22DBFDE0C123915 /* Shared/XMPP/XMPPConnection.swift in Sources */,
				49D5C1C807E05837C2B0AD10 /* Shared/Views/MessageAttributedStringBuilder.swift in Sources */,
				947E564E6238C504DEC45DA3 /* Shared/Views/Clipboard.swift in Sources */,
				F7498D5559DB8CCF451918D1 /* Shared/Views/URLOpener.swift in Sources */,
			);
			runOnlyForDeploymentPostprocessing = 0;
		};
/* End PBXSourcesBuildPhase section */

/* Begin XCBuildConfiguration section */
		092378DF862B97588AB647EC /* Release */ = {
			isa = XCBuildConfiguration;
			buildSettings = {
				ASSETCATALOG_COMPILER_APPICON_NAME = AppIcon;
				AUTOMATION_APPLE_EVENTS = NO;
				CLANG_ENABLE_OBJC_WEAK = YES;
				CODE_SIGN_ENTITLEMENTS = XMPBee/Mac/XMPBee.entitlements;
				CODE_SIGN_IDENTITY = "Apple Development";
				CODE_SIGN_STYLE = Automatic;
				COMBINE_HIDPI_IMAGES = YES;
				CURRENT_PROJECT_VERSION = 1;
				DEAD_CODE_STRIPPING = YES;
				ENABLE_APP_SANDBOX = YES;
				ENABLE_HARDENED_RUNTIME = YES;
				ENABLE_INCOMING_NETWORK_CONNECTIONS = YES;
				ENABLE_OUTGOING_NETWORK_CONNECTIONS = YES;
				ENABLE_RESOURCE_ACCESS_AUDIO_INPUT = NO;
				ENABLE_RESOURCE_ACCESS_BLUETOOTH = NO;
				ENABLE_RESOURCE_ACCESS_CALENDARS = NO;
				ENABLE_RESOURCE_ACCESS_CAMERA = NO;
				ENABLE_RESOURCE_ACCESS_CONTACTS = NO;
				ENABLE_RESOURCE_ACCESS_LOCATION = NO;
				ENABLE_RESOURCE_ACCESS_PHOTO_LIBRARY = NO;
				ENABLE_RESOURCE_ACCESS_PRINTING = NO;
				ENABLE_RESOURCE_ACCESS_USB = NO;
				ENABLE_USER_SELECTED_FILES = readonly;
				GENERATE_INFOPLIST_FILE = YES;
				INFOPLIST_FILE = XMPBee/Mac/Info.plist;
				INFOPLIST_KEY_CFBundleDisplayName = XMPBee;
				INFOPLIST_KEY_LSApplicationCategoryType = "public.app-category.social-networking";
				LD_RUNPATH_SEARCH_PATHS = (
					"$(inherited)",
					"@executable_path/../Frameworks",
				);
				MARKETING_VERSION = 1.0;
				PRODUCT_BUNDLE_IDENTIFIER = com.xmpbee.app;
				PRODUCT_NAME = XMPBee;
				PROVISIONING_PROFILE_SPECIFIER = "";
				RUNTIME_EXCEPTION_ALLOW_DYLD_ENVIRONMENT_VARIABLES = NO;
				RUNTIME_EXCEPTION_ALLOW_JIT = NO;
				RUNTIME_EXCEPTION_ALLOW_UNSIGNED_EXECUTABLE_MEMORY = NO;
				RUNTIME_EXCEPTION_DEBUGGING_TOOL = NO;
				RUNTIME_EXCEPTION_DISABLE_EXECUTABLE_PAGE_PROTECTION = NO;
				RUNTIME_EXCEPTION_DISABLE_LIBRARY_VALIDATION = NO;
				SWIFT_EMIT_LOC_STRINGS = YES;
				SWIFT_VERSION = 5.0;
			};
			name = Release;
		};
		0F4B20C92FD6CE8A00ECCAB5 /* Debug */ = {
			isa = XCBuildConfiguration;
			buildSettings = {
				ASSETCATALOG_COMPILER_APPICON_NAME = AppIcon;
				CLANG_ENABLE_OBJC_WEAK = YES;
				CODE_SIGN_ENTITLEMENTS = "XMPBee/Mac/XMPBee-MAS.entitlements";
				CODE_SIGN_IDENTITY = "Apple Development";
				CODE_SIGN_STYLE = Automatic;
				COMBINE_HIDPI_IMAGES = YES;
				CURRENT_PROJECT_VERSION = 1;
				DEAD_CODE_STRIPPING = YES;
				ENABLE_APP_SANDBOX = YES;
				ENABLE_HARDENED_RUNTIME = YES;
				ENABLE_INCOMING_NETWORK_CONNECTIONS = YES;
				ENABLE_OUTGOING_NETWORK_CONNECTIONS = YES;
				ENABLE_RESOURCE_ACCESS_AUDIO_INPUT = NO;
				ENABLE_RESOURCE_ACCESS_BLUETOOTH = NO;
				ENABLE_RESOURCE_ACCESS_CALENDARS = NO;
				ENABLE_RESOURCE_ACCESS_CAMERA = NO;
				ENABLE_RESOURCE_ACCESS_CONTACTS = NO;
				ENABLE_RESOURCE_ACCESS_LOCATION = NO;
				ENABLE_RESOURCE_ACCESS_PRINTING = NO;
				ENABLE_RESOURCE_ACCESS_USB = NO;
				ENABLE_USER_SELECTED_FILES = readonly;
				GENERATE_INFOPLIST_FILE = YES;
				INFOPLIST_FILE = "XMPBee/Mac/Info-MAS.plist";
				INFOPLIST_KEY_CFBundleDisplayName = XMPBee;
				INFOPLIST_KEY_LSApplicationCategoryType = "public.app-category.social-networking";
				LD_RUNPATH_SEARCH_PATHS = (
					"$(inherited)",
					"@executable_path/../Frameworks",
				);
				MARKETING_VERSION = 1.0;
				PRODUCT_BUNDLE_IDENTIFIER = com.xmpbee.app;
				PRODUCT_NAME = XMPBee;
				PROVISIONING_PROFILE_SPECIFIER = "";
				SWIFT_EMIT_LOC_STRINGS = YES;
				SWIFT_VERSION = 5.0;
			};
			name = Debug;
		};
		0F4B20CA2FD6CE8A00ECCAB5 /* Release */ = {
			isa = XCBuildConfiguration;
			buildSettings = {
				ASSETCATALOG_COMPILER_APPICON_NAME = AppIcon;
				AUTOMATION_APPLE_EVENTS = NO;
				CLANG_ENABLE_OBJC_WEAK = YES;
				CODE_SIGN_ENTITLEMENTS = "XMPBee/Mac/XMPBee-MAS.entitlements";
				CODE_SIGN_IDENTITY = "Apple Development";
				CODE_SIGN_STYLE = Automatic;
				COMBINE_HIDPI_IMAGES = YES;
				CURRENT_PROJECT_VERSION = 1;
				DEAD_CODE_STRIPPING = YES;
				ENABLE_APP_SANDBOX = YES;
				ENABLE_HARDENED_RUNTIME = YES;
				ENABLE_INCOMING_NETWORK_CONNECTIONS = YES;
				ENABLE_OUTGOING_NETWORK_CONNECTIONS = YES;
				ENABLE_RESOURCE_ACCESS_AUDIO_INPUT = NO;
				ENABLE_RESOURCE_ACCESS_BLUETOOTH = NO;
				ENABLE_RESOURCE_ACCESS_CALENDARS = NO;
				ENABLE_RESOURCE_ACCESS_CAMERA = NO;
				ENABLE_RESOURCE_ACCESS_CONTACTS = NO;
				ENABLE_RESOURCE_ACCESS_LOCATION = NO;
				ENABLE_RESOURCE_ACCESS_PHOTO_LIBRARY = NO;
				ENABLE_RESOURCE_ACCESS_PRINTING = NO;
				ENABLE_RESOURCE_ACCESS_USB = NO;
				ENABLE_USER_SELECTED_FILES = readonly;
				GENERATE_INFOPLIST_FILE = YES;
				INFOPLIST_FILE = "XMPBee/Mac/Info-MAS.plist";
				INFOPLIST_KEY_CFBundleDisplayName = XMPBee;
				INFOPLIST_KEY_LSApplicationCategoryType = "public.app-category.social-networking";
				LD_RUNPATH_SEARCH_PATHS = (
					"$(inherited)",
					"@executable_path/../Frameworks",
				);
				MARKETING_VERSION = 1.0;
				PRODUCT_BUNDLE_IDENTIFIER = com.xmpbee.app;
				PRODUCT_NAME = XMPBee;
				PROVISIONING_PROFILE_SPECIFIER = "";
				RUNTIME_EXCEPTION_ALLOW_DYLD_ENVIRONMENT_VARIABLES = NO;
				RUNTIME_EXCEPTION_ALLOW_JIT = NO;
				RUNTIME_EXCEPTION_ALLOW_UNSIGNED_EXECUTABLE_MEMORY = NO;
				RUNTIME_EXCEPTION_DEBUGGING_TOOL = NO;
				RUNTIME_EXCEPTION_DISABLE_EXECUTABLE_PAGE_PROTECTION = NO;
				RUNTIME_EXCEPTION_DISABLE_LIBRARY_VALIDATION = NO;
				SWIFT_EMIT_LOC_STRINGS = YES;
				SWIFT_VERSION = 5.0;
			};
			name = Release;
		};
		578789E37D51781E7CFE1CEA /* Debug */ = {
			isa = XCBuildConfiguration;
			buildSettings = {
				ASSETCATALOG_COMPILER_APPICON_NAME = AppIcon;
				CLANG_ENABLE_OBJC_WEAK = YES;
				CODE_SIGN_ENTITLEMENTS = XMPBee/Mac/XMPBee.entitlements;
				CODE_SIGN_IDENTITY = "Apple Development";
				CODE_SIGN_STYLE = Automatic;
				COMBINE_HIDPI_IMAGES = YES;
				CURRENT_PROJECT_VERSION = 1;
				DEAD_CODE_STRIPPING = YES;
				ENABLE_APP_SANDBOX = YES;
				ENABLE_HARDENED_RUNTIME = YES;
				ENABLE_INCOMING_NETWORK_CONNECTIONS = YES;
				ENABLE_OUTGOING_NETWORK_CONNECTIONS = YES;
				ENABLE_RESOURCE_ACCESS_AUDIO_INPUT = NO;
				ENABLE_RESOURCE_ACCESS_BLUETOOTH = NO;
				ENABLE_RESOURCE_ACCESS_CALENDARS = NO;
				ENABLE_RESOURCE_ACCESS_CAMERA = NO;
				ENABLE_RESOURCE_ACCESS_CONTACTS = NO;
				ENABLE_RESOURCE_ACCESS_LOCATION = NO;
				ENABLE_RESOURCE_ACCESS_PRINTING = NO;
				ENABLE_RESOURCE_ACCESS_USB = NO;
				ENABLE_USER_SELECTED_FILES = readonly;
				GENERATE_INFOPLIST_FILE = YES;
				INFOPLIST_FILE = XMPBee/Mac/Info.plist;
				INFOPLIST_KEY_CFBundleDisplayName = XMPBee;
				INFOPLIST_KEY_LSApplicationCategoryType = "public.app-category.social-networking";
				LD_RUNPATH_SEARCH_PATHS = (
					"$(inherited)",
					"@executable_path/../Frameworks",
				);
				MARKETING_VERSION = 1.0;
				PRODUCT_BUNDLE_IDENTIFIER = com.xmpbee.app;
				PRODUCT_NAME = XMPBee;
				PROVISIONING_PROFILE_SPECIFIER = "";
				SWIFT_EMIT_LOC_STRINGS = YES;
				SWIFT_VERSION = 5.0;
			};
			name = Debug;
		};
		6E8AB85EDEDD09993C537D46 /* Debug */ = {
			isa = XCBuildConfiguration;
			buildSettings = {
				ALWAYS_SEARCH_USER_PATHS = NO;
				CLANG_ENABLE_MODULES = YES;
				CLANG_WARN_BLOCK_CAPTURE_AUTORELEASING = YES;
				CLANG_WARN_BOOL_CONVERSION = YES;
				CLANG_WARN_COMMA = YES;
				CLANG_WARN_CONSTANT_CONVERSION = YES;
				CLANG_WARN_DEPRECATED_OBJC_IMPLEMENTATIONS = YES;
				CLANG_WARN_EMPTY_BODY = YES;
				CLANG_WARN_ENUM_CONVERSION = YES;
				CLANG_WARN_INFINITE_RECURSION = YES;
				CLANG_WARN_INT_CONVERSION = YES;
				CLANG_WARN_NON_LITERAL_NULL_CONVERSION = YES;
				CLANG_WARN_OBJC_IMPLICIT_RETAIN_SELF = YES;
				CLANG_WARN_OBJC_LITERAL_CONVERSION = YES;
				CLANG_WARN_QUOTED_INCLUDE_IN_FRAMEWORK_HEADER = YES;
				CLANG_WARN_RANGE_LOOP_ANALYSIS = YES;
				CLANG_WARN_STRICT_PROTOTYPES = YES;
				CLANG_WARN_SUSPICIOUS_MOVE = YES;
				CLANG_WARN_UNREACHABLE_CODE = YES;
				CLANG_WARN__DUPLICATE_METHOD_MATCH = YES;
				COPY_PHASE_STRIP = NO;
				DEAD_CODE_STRIPPING = YES;
				DEBUG_INFORMATION_FORMAT = dwarf;
				DEVELOPMENT_TEAM = AC7AGP27GM;
				ENABLE_STRICT_OBJC_MSGSEND = YES;
				ENABLE_TESTABILITY = YES;
				ENABLE_USER_SCRIPT_SANDBOXING = YES;
				GCC_NO_COMMON_BLOCKS = YES;
				GCC_OPTIMIZATION_LEVEL = 0;
				GCC_PREPROCESSOR_DEFINITIONS = (
					"DEBUG=1",
					"$(inherited)",
				);
				GCC_WARN_64_TO_32_BIT_CONVERSION = YES;
				GCC_WARN_ABOUT_RETURN_TYPE = YES;
				GCC_WARN_UNDECLARED_SELECTOR = YES;
				GCC_WARN_UNINITIALIZED_AUTOS = YES;
				GCC_WARN_UNUSED_FUNCTION = YES;
				GCC_WARN_UNUSED_VARIABLE = YES;
				MACOSX_DEPLOYMENT_TARGET = 26.0;
				ONLY_ACTIVE_ARCH = YES;
				SDKROOT = macosx;
				STRING_CATALOG_GENERATE_SYMBOLS = YES;
				SWIFT_ACTIVE_COMPILATION_CONDITIONS = "$(inherited) DEBUG";
				SWIFT_OPTIMIZATION_LEVEL = "-Onone";
				SWIFT_VERSION = 5.0;
			};
			name = Debug;
		};
		930628B4A555EBB515D20320 /* Release */ = {
			isa = XCBuildConfiguration;
			buildSettings = {
				ALWAYS_SEARCH_USER_PATHS = NO;
				CLANG_ENABLE_MODULES = YES;
				CLANG_WARN_BLOCK_CAPTURE_AUTORELEASING = YES;
				CLANG_WARN_BOOL_CONVERSION = YES;
				CLANG_WARN_COMMA = YES;
				CLANG_WARN_CONSTANT_CONVERSION = YES;
				CLANG_WARN_DEPRECATED_OBJC_IMPLEMENTATIONS = YES;
				CLANG_WARN_EMPTY_BODY = YES;
				CLANG_WARN_ENUM_CONVERSION = YES;
				CLANG_WARN_INFINITE_RECURSION = YES;
				CLANG_WARN_INT_CONVERSION = YES;
				CLANG_WARN_NON_LITERAL_NULL_CONVERSION = YES;
				CLANG_WARN_OBJC_IMPLICIT_RETAIN_SELF = YES;
				CLANG_WARN_OBJC_LITERAL_CONVERSION = YES;
				CLANG_WARN_QUOTED_INCLUDE_IN_FRAMEWORK_HEADER = YES;
				CLANG_WARN_RANGE_LOOP_ANALYSIS = YES;
				CLANG_WARN_STRICT_PROTOTYPES = YES;
				CLANG_WARN_SUSPICIOUS_MOVE = YES;
				CLANG_WARN_UNREACHABLE_CODE = YES;
				CLANG_WARN__DUPLICATE_METHOD_MATCH = YES;
				COPY_PHASE_STRIP = NO;
				DEAD_CODE_STRIPPING = YES;
				DEBUG_INFORMATION_FORMAT = "dwarf-with-dsym";
				DEVELOPMENT_TEAM = AC7AGP27GM;
				ENABLE_NS_ASSERTIONS = NO;
				ENABLE_STRICT_OBJC_MSGSEND = YES;
				ENABLE_USER_SCRIPT_SANDBOXING = YES;
				GCC_NO_COMMON_BLOCKS = YES;
				GCC_WARN_64_TO_32_BIT_CONVERSION = YES;
				GCC_WARN_ABOUT_RETURN_TYPE = YES;
				GCC_WARN_UNDECLARED_SELECTOR = YES;
				GCC_WARN_UNINITIALIZED_AUTOS = YES;
				GCC_WARN_UNUSED_FUNCTION = YES;
				GCC_WARN_UNUSED_VARIABLE = YES;
				MACOSX_DEPLOYMENT_TARGET = 26.0;
				SDKROOT = macosx;
				STRING_CATALOG_GENERATE_SYMBOLS = YES;
				SWIFT_COMPILATION_MODE = wholemodule;
				SWIFT_OPTIMIZATION_LEVEL = "-O";
				SWIFT_VERSION = 5.0;
			};
			name = Release;
		};
		B5000000000000000000DD03 /* Debug */ = {
			isa = XCBuildConfiguration;
			buildSettings = {
				ASSETCATALOG_COMPILER_APPICON_NAME = AppIcon;
				ASSETCATALOG_COMPILER_GLOBAL_ACCENT_COLOR_NAME = AccentColor;
				CLANG_ENABLE_OBJC_WEAK = YES;
				CODE_SIGN_ENTITLEMENTS = "XMPBee/iOS/XMPBee-iOS.entitlements";
				CODE_SIGN_IDENTITY = "Apple Development";
				CODE_SIGN_STYLE = Automatic;
				CURRENT_PROJECT_VERSION = 1;
				ENABLE_PREVIEWS = YES;
				GENERATE_INFOPLIST_FILE = NO;
				INFOPLIST_FILE = XMPBee/iOS/Info.plist;
				INFOPLIST_KEY_CFBundleDisplayName = XMPBee;
				IPHONEOS_DEPLOYMENT_TARGET = 26.0;
				LD_RUNPATH_SEARCH_PATHS = (
					"$(inherited)",
					"@executable_path/Frameworks",
				);
				MARKETING_VERSION = 1.0;
				PRODUCT_BUNDLE_IDENTIFIER = com.xmpbee.app.ios;
				PRODUCT_NAME = XMPBee;
				PROVISIONING_PROFILE_SPECIFIER = "";
				SDKROOT = iphoneos;
				SUPPORTED_PLATFORMS = "iphoneos iphonesimulator";
				SWIFT_EMIT_LOC_STRINGS = YES;
				SWIFT_VERSION = 5.0;
				TARGETED_DEVICE_FAMILY = "1,2";
			};
			name = Debug;
		};
		B5000000000000000000DD04 /* Release */ = {
			isa = XCBuildConfiguration;
			buildSettings = {
				ASSETCATALOG_COMPILER_APPICON_NAME = AppIcon;
				ASSETCATALOG_COMPILER_GLOBAL_ACCENT_COLOR_NAME = AccentColor;
				CLANG_ENABLE_OBJC_WEAK = YES;
				CODE_SIGN_ENTITLEMENTS = "XMPBee/iOS/XMPBee-iOS.entitlements";
				CODE_SIGN_IDENTITY = "Apple Development";
				CODE_SIGN_STYLE = Automatic;
				CURRENT_PROJECT_VERSION = 1;
				ENABLE_PREVIEWS = YES;
				GENERATE_INFOPLIST_FILE = NO;
				INFOPLIST_FILE = XMPBee/iOS/Info.plist;
				INFOPLIST_KEY_CFBundleDisplayName = XMPBee;
				IPHONEOS_DEPLOYMENT_TARGET = 26.0;
				LD_RUNPATH_SEARCH_PATHS = (
					"$(inherited)",
					"@executable_path/Frameworks",
				);
				MARKETING_VERSION = 1.0;
				PRODUCT_BUNDLE_IDENTIFIER = com.xmpbee.app.ios;
				PRODUCT_NAME = XMPBee;
				PROVISIONING_PROFILE_SPECIFIER = "";
				SDKROOT = iphoneos;
				SUPPORTED_PLATFORMS = "iphoneos iphonesimulator";
				SWIFT_EMIT_LOC_STRINGS = YES;
				SWIFT_VERSION = 5.0;
				TARGETED_DEVICE_FAMILY = "1,2";
			};
			name = Release;
		};
/* End XCBuildConfiguration section */

/* Begin XCConfigurationList section */
		0F4B20C82FD6CE8A00ECCAB5 /* Build configuration list for PBXNativeTarget "XMPBee Desktop (MAS)" */ = {
			isa = XCConfigurationList;
			buildConfigurations = (
				0F4B20C92FD6CE8A00ECCAB5 /* Debug */,
				0F4B20CA2FD6CE8A00ECCAB5 /* Release */,
			);
			defaultConfigurationIsVisible = 0;
			defaultConfigurationName = Release;
		};
		B5000000000000000000DD02 /* Build configuration list for PBXNativeTarget "XMPBee Mobile" */ = {
			isa = XCConfigurationList;
			buildConfigurations = (
				B5000000000000000000DD03 /* Debug */,
				B5000000000000000000DD04 /* Release */,
			);
			defaultConfigurationIsVisible = 0;
			defaultConfigurationName = Release;
		};
		D5FFAFD07A9F77BD77800DC6 /* Build configuration list for PBXNativeTarget "XMPBee Desktop" */ = {
			isa = XCConfigurationList;
			buildConfigurations = (
				578789E37D51781E7CFE1CEA /* Debug */,
				092378DF862B97588AB647EC /* Release */,
			);
			defaultConfigurationIsVisible = 0;
			defaultConfigurationName = Release;
		};
		F93FFFF1C2C202203D9C9585 /* Build configuration list for PBXProject "XMPBee" */ = {
			isa = XCConfigurationList;
			buildConfigurations = (
				6E8AB85EDEDD09993C537D46 /* Debug */,
				930628B4A555EBB515D20320 /* Release */,
			);
			defaultConfigurationIsVisible = 0;
			defaultConfigurationName = Release;
		};
/* End XCConfigurationList section */

/* Begin XCRemoteSwiftPackageReference section */
		0F4B20CD2FD6D1D300ECCAB5 /* XCRemoteSwiftPackageReference "Sparkle" */ = {
			isa = XCRemoteSwiftPackageReference;
			repositoryURL = "https://github.com/sparkle-project/Sparkle";
			requirement = {
				kind = upToNextMajorVersion;
				minimumVersion = 2.9.3;
			};
		};
/* End XCRemoteSwiftPackageReference section */

/* Begin XCSwiftPackageProductDependency section */
		0F4B20CE2FD6D1D300ECCAB5 /* Sparkle */ = {
			isa = XCSwiftPackageProductDependency;
			package = 0F4B20CD2FD6D1D300ECCAB5 /* XCRemoteSwiftPackageReference "Sparkle" */;
			productName = Sparkle;
		};
/* End XCSwiftPackageProductDependency section */
	};
	rootObject = 5E729DA68670304DF4633F25 /* Project object */;
}
